
Microsoft Visual Studio Solution File, Format Version 12.00
# Visual Studio Version 16
VisualStudioVersion = 16.0.30523.141
MinimumVisualStudioVersion = 10.0.40219.1
Project("{FAE04EC0-301F-11D3-BF4B-00C04F79EFBC}") = "IGANG MED LØKKER", "IGANG MED LØKKER\IGANG MED LØKKER.csproj", "{9B27A51F-6D69-4B91-976F-18E44C7E75CF}"
EndProject
Global
	GlobalSection(SolutionConfigurationPlatforms) = preSolution
		Debug|Any CPU = Debug|Any CPU
		Release|Any CPU = Release|Any CPU
	EndGlobalSection
	GlobalSection(ProjectConfigurationPlatforms) = postSolution
		{9B27A51F-6D69-4B91-976F-18E44C7E75CF}.Debug|Any CPU.ActiveCfg = Debug|Any CPU
		{9B27A51F-6D69-4B91-976F-18E44C7E75CF}.Debug|Any CPU.Build.0 = Debug|Any CPU
		{9B27A51F-6D69-4B91-976F-18E44C7E75CF}.Release|Any CPU.ActiveCfg = Release|Any CPU
		{9B27A51F-6D69-4B91-976F-18E44C7E75CF}.Release|Any CPU.Build.0 = Release|Any CPU
	EndGlobalSection
	GlobalSection(SolutionProperties) = preSolution
		HideSolutionNode = FALSE
	EndGlobalSection
	GlobalSection(ExtensibilityGlobals) = postSolution
		SolutionGuid = {9172F3EE-2422-49D2-8B08-E980BF901FFC}
	EndGlobalSection
EndGlobal
